{
  "name": "themes",
  "lockfileVersion": 2,
  "requires": true,
  "packages": {
    "": {
      "dependencies": {
        "@ibm/plex": "^5.1.3"
      }
    },
    "node_modules/@ibm/plex": {
      "version": "5.1.3",
      "resolved": "https://registry.npmjs.org/@ibm/plex/-/plex-5.1.3.tgz",
      "integrity": "sha512-Wgful5xAKIzUFngMyEnZ6nc7IKMyKMRVk4qCIAgjRCI76w1uCGGgImWSEunay+j5mPrEWQKwz1ht8Xk6rcumEw=="
    }
  },
  "dependencies": {
    "@ibm/plex": {
      "version": "5.1.3",
      "resolved": "https://registry.npmjs.org/@ibm/plex/-/plex-5.1.3.tgz",
      "integrity": "sha512-Wgful5xAKIzUFngMyEnZ6nc7IKMyKMRVk4qCIAgjRCI76w1uCGGgImWSEunay+j5mPrEWQKwz1ht8Xk6rcumEw=="
    }
  }
}
